// !$*UTF8*$!
{
	archiveVersion = 1;
	classes = {
	};
	objectVersion = 46;
	objects = {

/* Begin PBXBuildFile section */
		4D945A3E1501242700CD6501 /* UIKit.framework in Frameworks */ = {isa = PBXBuildFile; fileRef = 4D945A3D1501242700CD6501 /* UIKit.framework */; };
		4D945A401501242700CD6501 /* Foundation.framework in Frameworks */ = {isa = PBXBuildFile; fileRef = 4D945A3F1501242700CD6501 /* Foundation.framework */; };
		4D945A421501242700CD6501 /* CoreGraphics.framework in Frameworks */ = {isa = PBXBuildFile; fileRef = 4D945A411501242700CD6501 /* CoreGraphics.framework */; };
		4D945A481501242700CD6501 /* InfoPlist.strings in Resources */ = {isa = PBXBuildFile; fileRef = 4D945A461501242700CD6501 /* InfoPlist.strings */; };
		4D945A4A1501242700CD6501 /* main.m in Sources */ = {isa = PBXBuildFile; fileRef = 4D945A491501242700CD6501 /* main.m */; };
		4D945A4E1501242700CD6501 /* AppDelegate.m in Sources */ = {isa = PBXBuildFile; fileRef = 4D945A4D1501242700CD6501 /* AppDelegate.m */; };
		4D945A511501242700CD6501 /* MainStoryboard.storyboard in Resources */ = {isa = PBXBuildFile; fileRef = 4D945A4F1501242700CD6501 /* MainStoryboard.storyboard */; };
		4D945A541501242700CD6501 /* ViewController.m in Sources */ = {isa = PBXBuildFile; fileRef = 4D945A531501242700CD6501 /* ViewController.m */; };
/* End PBXBuildFile section */

/* Begin PBXFileReference section */
		4D945A391501242700CD6501 /* StoryboardTutorial-UITableViews1.app */ = {isa = PBXFileReference; explicitFileType = wrapper.application; includeInIndex = 0; path = "StoryboardTutorial-UITableViews1.app"; sourceTree = BUILT_PRODUCTS_DIR; };
		4D945A3D1501242700CD6501 /* UIKit.framework */ = {isa = PBXFileReference; lastKnownFileType = wrapper.framework; name = UIKit.framework; path = System/Library/Frameworks/UIKit.framework; sourceTree = SDKROOT; };
		4D945A3F1501242700CD6501 /* Foundation.framework */ = {isa = PBXFileReference; lastKnownFileType = wrapper.framework; name = Foundation.framework; path = System/Library/Frameworks/Foundation.framework; sourceTree = SDKROOT; };
		4D945A411501242700CD6501 /* CoreGraphics.framework */ = {isa = PBXFileReference; lastKnownFileType = wrapper.framework; name = CoreGraphics.framework; path = System/Library/Frameworks/CoreGraphics.framework; sourceTree = SDKROOT; };
		4D945A451501242700CD6501 /* StoryboardTutorial-UITableViews1-Info.plist */ = {isa = PBXFileReference; path = "StoryboardTutorial-UITableViews1-Info.plist"; sourceTree = "<group>"; };
		4D945A471501242700CD6501 /* en */ = {isa = PBXFileReference; lastKnownFileType = text.plist.strings; name = en; path = en.lproj/InfoPlist.strings; sourceTree = "<group>"; };
		4D945A491501242700CD6501 /* main.m */ = {isa = PBXFileReference; lastKnownFileType = sourcecode.c.objc; path = main.m; sourceTree = "<group>"; };
		4D945A4B1501242700CD6501 /* StoryboardTutorial-UITableViews1-Prefix.pch */ = {isa = PBXFileReference; path = "StoryboardTutorial-UITableViews1-Prefix.pch"; sourceTree = "<group>"; };
		4D945A4C1501242700CD6501 /* AppDelegate.h */ = {isa = PBXFileReference; path = AppDelegate.h; sourceTree = "<group>"; };
		4D945A4D1501242700CD6501 /* AppDelegate.m */ = {isa = PBXFileReference; lastKnownFileType = sourcecode.c.objc; path = AppDelegate.m; sourceTree = "<group>"; };
		4D945A501501242700CD6501 /* en */ = {isa = PBXFileReference; lastKnownFileType = file.storyboard; name = en; path = en.lproj/MainStoryboard.storyboard; sourceTree = "<group>"; };
		4D945A521501242700CD6501 /* ViewController.h */ = {isa = PBXFileReference; path = ViewController.h; sourceTree = "<group>"; };
		4D945A531501242700CD6501 /* ViewController.m */ = {isa = PBXFileReference; lastKnownFileType = sourcecode.c.objc; path = ViewController.m; sourceTree = "<group>"; };
/* End PBXFileReference section */

/* Begin PBXFrameworksBuildPhase section */
		4D945A361501242700CD6501 /* Frameworks */ = {
			isa = PBXFrameworksBuildPhase;
			buildActionMask = 2147483647;
			files = (
				4D945A3E1501242700CD6501 /* UIKit.framework in Frameworks */,
				4D945A401501242700CD6501 /* Foundation.framework in Frameworks */,
				4D945A421501242700CD6501 /* CoreGraphics.framework in Frameworks */,
			);
			runOnlyForDeploymentPostprocessing = 0;
		};
/* End PBXFrameworksBuildPhase section */

/* Begin PBXGroup section */
		4D945A2E1501242700CD6501 = {
			isa = PBXGroup;
			children = (
				4D945A431501242700CD6501 /* StoryboardTutorial-UITableViews1 */,
				4D945A3C1501242700CD6501 /* Frameworks */,
				4D945A3A1501242700CD6501 /* Products */,
			);
			sourceTree = "<group>";
		};
		4D945A3A1501242700CD6501 /* Products */ = {
			isa = PBXGroup;
			children = (
				4D945A391501242700CD6501 /* StoryboardTutorial-UITableViews1.app */,
			);
			name = Products;
			sourceTree = "<group>";
		};
		4D945A3C1501242700CD6501 /* Frameworks */ = {
			isa = PBXGroup;
			children = (
				4D945A3D1501242700CD6501 /* UIKit.framework */,
				4D945A3F1501242700CD6501 /* Foundation.framework */,
				4D945A411501242700CD6501 /* CoreGraphics.framework */,
			);
			name = Frameworks;
			sourceTree = "<group>";
		};
		4D945A431501242700CD6501 /* StoryboardTutorial-UITableViews1 */ = {
			isa = PBXGroup;
			children = (
				4D945A4C1501242700CD6501 /* AppDelegate.h */,
				4D945A4D1501242700CD6501 /* AppDelegate.m */,
				4D945A4F1501242700CD6501 /* MainStoryboard.storyboard */,
				4D945A521501242700CD6501 /* ViewController.h */,
				4D945A531501242700CD6501 /* ViewController.m */,
				4D945A441501242700CD6501 /* Supporting Files */,
			);
			path = "StoryboardTutorial-UITableViews1";
			sourceTree = "<group>";
		};
		4D945A441501242700CD6501 /* Supporting Files */ = {
			isa = PBXGroup;
			children = (
				4D945A451501242700CD6501 /* StoryboardTutorial-UITableViews1-Info.plist */,
				4D945A461501242700CD6501 /* InfoPlist.strings */,
				4D945A491501242700CD6501 /* main.m */,
				4D945A4B1501242700CD6501 /* StoryboardTutorial-UITableViews1-Prefix.pch */,
			);
			name = "Supporting Files";
			sourceTree = "<group>";
		};
/* End PBXGroup section */

/* Begin PBXNativeTarget section */
		4D945A381501242700CD6501 /* StoryboardTutorial-UITableViews1 */ = {
			isa = PBXNativeTarget;
			buildConfigurationList = 4D945A571501242700CD6501 /* Build configuration list for PBXNativeTarget "StoryboardTutorial-UITableViews1" */;
			buildPhases = (
				4D945A351501242700CD6501 /* Sources */,
				4D945A361501242700CD6501 /* Frameworks */,
				4D945A371501242700CD6501 /* Resources */,
			);
			buildRules = (
			);
			dependencies = (
			);
			name = "StoryboardTutorial-UITableViews1";
			productName = "StoryboardTutorial-UITableViews1";
			productReference = 4D945A391501242700CD6501 /* StoryboardTutorial-UITableViews1.app */;
			productType = "com.apple.product-type.application";
		};
/* End PBXNativeTarget section */

/* Begin PBXProject section */
		4D945A301501242700CD6501 /* Project object */ = {
			isa = PBXProject;
			attributes = {
				LastUpgradeCheck = 0420;
			};
			buildConfigurationList = 4D945A331501242700CD6501 /* Build configuration list for PBXProject "StoryboardTutorial-UITableViews1" */;
			compatibilityVersion = "Xcode 3.2";
			developmentRegion = English;
			hasScannedForEncodings = 0;
			knownRegions = (
				en,
			);
			mainGroup = 4D945A2E1501242700CD6501;
			productRefGroup = 4D945A3A1501242700CD6501 /* Products */;
			projectDirPath = "";
			projectRoot = "";
			targets = (
				4D945A381501242700CD6501 /* StoryboardTutorial-UITableViews1 */,
			);
		};
/* End PBXProject section */

/* Begin PBXResourcesBuildPhase section */
		4D945A371501242700CD6501 /* Resources */ = {
			isa = PBXResourcesBuildPhase;
			buildActionMask = 2147483647;
			files = (
				4D945A481501242700CD6501 /* InfoPlist.strings in Resources */,
				4D945A511501242700CD6501 /* MainStoryboard.storyboard in Resources */,
			);
			runOnlyForDeploymentPostprocessing = 0;
		};
/* End PBXResourcesBuildPhase section */

/* Begin PBXSourcesBuildPhase section */
		4D945A351501242700CD6501 /* Sources */ = {
			isa = PBXSourcesBuildPhase;
			buildActionMask = 2147483647;
			files = (
				4D945A4A1501242700CD6501 /* main.m in Sources */,
				4D945A4E1501242700CD6501 /* AppDelegate.m in Sources */,
				4D945A541501242700CD6501 /* ViewController.m in Sources */,
			);
			runOnlyForDeploymentPostprocessing = 0;
		};
/* End PBXSourcesBuildPhase section */

/* Begin PBXVariantGroup section */
		4D945A461501242700CD6501 /* InfoPlist.strings */ = {
			isa = PBXVariantGroup;
			children = (
				4D945A471501242700CD6501 /* en */,
			);
			name = InfoPlist.strings;
			sourceTree = "<group>";
		};
		4D945A4F1501242700CD6501 /* MainStoryboard.storyboard */ = {
			isa = PBXVariantGroup;
			children = (
				4D945A501501242700CD6501 /* en */,
			);
			name = MainStoryboard.storyboard;
			sourceTree = "<group>";
		};
/* End PBXVariantGroup section */

/* Begin XCBuildConfiguration section */
		4D945A551501242700CD6501 /* Debug */ = {
			isa = XCBuildConfiguration;
			buildSettings = {
				ALWAYS_SEARCH_USER_PATHS = NO;
				ARCHS = "$(ARCHS_STANDARD_32_BIT)";
				CLANG_ENABLE_OBJC_ARC = YES;
				"CODE_SIGN_IDENTITY[sdk=iphoneos*]" = "iPhone Developer";
				COPY_PHASE_STRIP = NO;
				GCC_C_LANGUAGE_STANDARD = gnu99;
				GCC_DYNAMIC_NO_PIC = NO;
				GCC_OPTIMIZATION_LEVEL = 0;
				GCC_PREPROCESSOR_DEFINITIONS = (
					"DEBUG=1",
					"$(inherited)",
				);
				GCC_SYMBOLS_PRIVATE_EXTERN = NO;
				GCC_VERSION = com.apple.compilers.llvm.clang.1_0;
				GCC_WARN_ABOUT_MISSING_PROTOTYPES = YES;
				GCC_WARN_ABOUT_RETURN_TYPE = YES;
				GCC_WARN_UNUSED_VARIABLE = YES;
				IPHONEOS_DEPLOYMENT_TARGET = 5.0;
				SDKROOT = iphoneos;
			};
			name = Debug;
		};
		4D945A561501242700CD6501 /* Release */ = {
			isa = XCBuildConfiguration;
			buildSettings = {
				ALWAYS_SEARCH_USER_PATHS = NO;
				ARCHS = "$(ARCHS_STANDARD_32_BIT)";
				CLANG_ENABLE_OBJC_ARC = YES;
				"CODE_SIGN_IDENTITY[sdk=iphoneos*]" = "iPhone Developer";
				COPY_PHASE_STRIP = YES;
				GCC_C_LANGUAGE_STANDARD = gnu99;
				GCC_VERSION = com.apple.compilers.llvm.clang.1_0;
				GCC_WARN_ABOUT_MISSING_PROTOTYPES = YES;
				GCC_WARN_ABOUT_RETURN_TYPE = YES;
				GCC_WARN_UNUSED_VARIABLE = YES;
				IPHONEOS_DEPLOYMENT_TARGET = 5.0;
				OTHER_CFLAGS = "-DNS_BLOCK_ASSERTIONS=1";
				SDKROOT = iphoneos;
				VALIDATE_PRODUCT = YES;
			};
			name = Release;
		};
		4D945A581501242700CD6501 /* Debug */ = {
			isa = XCBuildConfiguration;
			buildSettings = {
				GCC_PRECOMPILE_PREFIX_HEADER = YES;
				GCC_PREFIX_HEADER = "StoryboardTutorial-UITableViews1/StoryboardTutorial-UITableViews1-Prefix.pch";
				INFOPLIST_FILE = "StoryboardTutorial-UITableViews1/StoryboardTutorial-UITableViews1-Info.plist";
				PRODUCT_NAME = "$(TARGET_NAME)";
				WRAPPER_EXTENSION = app;
			};
			name = Debug;
		};
		4D945A591501242700CD6501 /* Release */ = {
			isa = XCBuildConfiguration;
			buildSettings = {
				GCC_PRECOMPILE_PREFIX_HEADER = YES;
				GCC_PREFIX_HEADER = "StoryboardTutorial-UITableViews1/StoryboardTutorial-UITableViews1-Prefix.pch";
				INFOPLIST_FILE = "StoryboardTutorial-UITableViews1/StoryboardTutorial-UITableViews1-Info.plist";
				PRODUCT_NAME = "$(TARGET_NAME)";
				WRAPPER_EXTENSION = app;
			};
			name = Release;
		};
/* End XCBuildConfiguration section */

/* Begin XCConfigurationList section */
		4D945A331501242700CD6501 /* Build configuration list for PBXProject "StoryboardTutorial-UITableViews1" */ = {
			isa = XCConfigurationList;
			buildConfigurations = (
				4D945A551501242700CD6501 /* Debug */,
				4D945A561501242700CD6501 /* Release */,
			);
			defaultConfigurationIsVisible = 0;
			defaultConfigurationName = Release;
		};
		4D945A571501242700CD6501 /* Build configuration list for PBXNativeTarget "StoryboardTutorial-UITableViews1" */ = {
			isa = XCConfigurationList;
			buildConfigurations = (
				4D945A581501242700CD6501 /* Debug */,
				4D945A591501242700CD6501 /* Release */,
			);
			defaultConfigurationIsVisible = 0;
		};
/* End XCConfigurationList section */
	};
	rootObject = 4D945A301501242700CD6501 /* Project object */;
}
